// !$*UTF8*$!
{
	archiveVersion = 1;
	classes = {
	};
	objectVersion = 46;
	objects = {

/* Begin PBXBuildFile section */
		78477557520D86D5A05A4FD2 /* libPods.a in Frameworks */ = {isa = PBXBuildFile; fileRef = 71B45EC407EEB53A7B666665 /* libPods.a */; };
		AC9D67091C216E9B00EE8080 /* AppDelegate.swift in Sources */ = {isa = PBXBuildFile; fileRef = AC9D67081C216E9B00EE8080 /* AppDelegate.swift */; };
		AC9D670B1C216E9B00EE8080 /* ViewController.swift in Sources */ = {isa = PBXBuildFile; fileRef = AC9D670A1C216E9B00EE8080 /* ViewController.swift */; };
		AC9D670E1C216E9B00EE8080 /* Main.storyboard in Resources */ = {isa = PBXBuildFile; fileRef = AC9D670C1C216E9B00EE8080 /* Main.storyboard */; };
		AC9D67101C216E9B00EE8080 /* Assets.xcassets in Resources */ = {isa = PBXBuildFile; fileRef = AC9D670F1C216E9B00EE8080 /* Assets.xcassets */; };
		AC9D67131C216E9B00EE8080 /* LaunchScreen.storyboard in Resources */ = {isa = PBXBuildFile; fileRef = AC9D67111C216E9B00EE8080 /* LaunchScreen.storyboard */; };
		AC9D69221C21712E00EE8080 /* ViewModel.swift in Sources */ = {isa = PBXBuildFile; fileRef = AC9D69211C21712E00EE8080 /* ViewModel.swift */; };
		AC9D69241C21716000EE8080 /* VideoToolbox.framework in Frameworks */ = {isa = PBXBuildFile; fileRef = AC9D69231C21716000EE8080 /* VideoToolbox.framework */; };
		AC9D69261C21716B00EE8080 /* SystemConfiguration.framework in Frameworks */ = {isa = PBXBuildFile; fileRef = AC9D69251C21716B00EE8080 /* SystemConfiguration.framework */; };
		AC9D69281C21717000EE8080 /* GLKit.framework in Frameworks */ = {isa = PBXBuildFile; fileRef = AC9D69271C21717000EE8080 /* GLKit.framework */; };
		AC9D692A1C21717600EE8080 /* QuartzCore.framework in Frameworks */ = {isa = PBXBuildFile; fileRef = AC9D69291C21717600EE8080 /* QuartzCore.framework */; };
		AC9D692C1C21717C00EE8080 /* CoreVideo.framework in Frameworks */ = {isa = PBXBuildFile; fileRef = AC9D692B1C21717C00EE8080 /* CoreVideo.framework */; };
		AC9D692E1C21718100EE8080 /* OpenGLES.framework in Frameworks */ = {isa = PBXBuildFile; fileRef = AC9D692D1C21718100EE8080 /* OpenGLES.framework */; };
		AC9D69301C21718800EE8080 /* CoreMedia.framework in Frameworks */ = {isa = PBXBuildFile; fileRef = AC9D692F1C21718800EE8080 /* CoreMedia.framework */; };
		AC9D69321C21718E00EE8080 /* AudioToolbox.framework in Frameworks */ = {isa = PBXBuildFile; fileRef = AC9D69311C21718E00EE8080 /* AudioToolbox.framework */; };
		AC9D69341C21719400EE8080 /* AVFoundation.framework in Frameworks */ = {isa = PBXBuildFile; fileRef = AC9D69331C21719400EE8080 /* AVFoundation.framework */; };
		AC9D69361C21719B00EE8080 /* CoreGraphics.framework in Frameworks */ = {isa = PBXBuildFile; fileRef = AC9D69351C21719B00EE8080 /* CoreGraphics.framework */; };
		AC9D69381C2171A100EE8080 /* UIKit.framework in Frameworks */ = {isa = PBXBuildFile; fileRef = AC9D69371C2171A100EE8080 /* UIKit.framework */; };
		AC9D693A1C2171A700EE8080 /* Foundation.framework in Frameworks */ = {isa = PBXBuildFile; fileRef = AC9D69391C2171A700EE8080 /* Foundation.framework */; };
		AC9D693C1C2171AF00EE8080 /* libc++.tbd in Frameworks */ = {isa = PBXBuildFile; fileRef = AC9D693B1C2171AF00EE8080 /* libc++.tbd */; };
		AC9D693E1C2171B700EE8080 /* libsqlite3.tbd in Frameworks */ = {isa = PBXBuildFile; fileRef = AC9D693D1C2171B700EE8080 /* libsqlite3.tbd */; };
		AC9D694B1C2173ED00EE8080 /* TBExampleSubscriber.m in Sources */ = {isa = PBXBuildFile; fileRef = AC9D69451C2173ED00EE8080 /* TBExampleSubscriber.m */; settings = {COMPILER_FLAGS = "-fno-objc-arc"; }; };
		AC9D694C1C2173ED00EE8080 /* TBExampleVideoCapture.m in Sources */ = {isa = PBXBuildFile; fileRef = AC9D69471C2173ED00EE8080 /* TBExampleVideoCapture.m */; settings = {COMPILER_FLAGS = "-fno-objc-arc"; }; };
		AC9D694D1C2173ED00EE8080 /* TBExampleVideoRender.m in Sources */ = {isa = PBXBuildFile; fileRef = AC9D69491C2173ED00EE8080 /* TBExampleVideoRender.m */; settings = {COMPILER_FLAGS = "-fno-objc-arc"; }; };
		AC9D69501C21742C00EE8080 /* Logger.swift in Sources */ = {isa = PBXBuildFile; fileRef = AC9D694F1C21742C00EE8080 /* Logger.swift */; };
		AC9D695B1C226EA600EE8080 /* GPUImageColorSpaceConvertFilter.m in Sources */ = {isa = PBXBuildFile; fileRef = AC9D695A1C226EA600EE8080 /* GPUImageColorSpaceConvertFilter.m */; };
		AC9D69961C23A2EA00EE8080 /* VideoGenerator.m in Sources */ = {isa = PBXBuildFile; fileRef = AC9D69951C23A2EA00EE8080 /* VideoGenerator.m */; };
		AC9D69991C23BA2C00EE8080 /* GPUImageCustomRawDataOutput.m in Sources */ = {isa = PBXBuildFile; fileRef = AC9D69981C23BA2C00EE8080 /* GPUImageCustomRawDataOutput.m */; };
		AC9D699D1C23D6A800EE8080 /* TBExamplePublisher.m in Sources */ = {isa = PBXBuildFile; fileRef = AC9D699C1C23D6A800EE8080 /* TBExamplePublisher.m */; settings = {COMPILER_FLAGS = "-fno-objc-arc"; }; };
/* End PBXBuildFile section */

/* Begin PBXFileReference section */
		71B45EC407EEB53A7B666665 /* libPods.a */ = {isa = PBXFileReference; explicitFileType = archive.ar; includeInIndex = 0; path = libPods.a; sourceTree = BUILT_PRODUCTS_DIR; };
		AC9D67051C216E9B00EE8080 /* gpuimagetokbox.app */ = {isa = PBXFileReference; explicitFileType = wrapper.application; includeInIndex = 0; path = gpuimagetokbox.app; sourceTree = BUILT_PRODUCTS_DIR; };
		AC9D67081C216E9B00EE8080 /* AppDelegate.swift */ = {isa = PBXFileReference; lastKnownFileType = sourcecode.swift; path = AppDelegate.swift; sourceTree = "<group>"; };
		AC9D670A1C216E9B00EE8080 /* ViewController.swift */ = {isa = PBXFileReference; lastKnownFileType = sourcecode.swift; path = ViewController.swift; sourceTree = "<group>"; };
		AC9D670D1C216E9B00EE8080 /* Base */ = {isa = PBXFileReference; lastKnownFileType = file.storyboard; name = Base; path = Base.lproj/Main.storyboard; sourceTree = "<group>"; };
		AC9D670F1C216E9B00EE8080 /* Assets.xcassets */ = {isa = PBXFileReference; lastKnownFileType = folder.assetcatalog; path = Assets.xcassets; sourceTree = "<group>"; };
		AC9D67121C216E9B00EE8080 /* Base */ = {isa = PBXFileReference; lastKnownFileType = file.storyboard; name = Base; path = Base.lproj/LaunchScreen.storyboard; sourceTree = "<group>"; };
		AC9D67141C216E9B00EE8080 /* Info.plist */ = {isa = PBXFileReference; lastKnownFileType = text.plist.xml; path = Info.plist; sourceTree = "<group>"; };
		AC9D671B1C216F7600EE8080 /* gpuimagetokbox-Bridging-Header.h */ = {isa = PBXFileReference; lastKnownFileType = sourcecode.c.h; path = "gpuimagetokbox-Bridging-Header.h"; sourceTree = "<group>"; };
		AC9D69211C21712E00EE8080 /* ViewModel.swift */ = {isa = PBXFileReference; fileEncoding = 4; lastKnownFileType = sourcecode.swift; path = ViewModel.swift; sourceTree = "<group>"; };
		AC9D69231C21716000EE8080 /* VideoToolbox.framework */ = {isa = PBXFileReference; lastKnownFileType = wrapper.framework; name = VideoToolbox.framework; path = System/Library/Frameworks/VideoToolbox.framework; sourceTree = SDKROOT; };
		AC9D69251C21716B00EE8080 /* SystemConfiguration.framework */ = {isa = PBXFileReference; lastKnownFileType = wrapper.framework; name = SystemConfiguration.framework; path = System/Library/Frameworks/SystemConfiguration.framework; sourceTree = SDKROOT; };
		AC9D69271C21717000EE8080 /* GLKit.framework */ = {isa = PBXFileReference; lastKnownFileType = wrapper.framework; name = GLKit.framework; path = System/Library/Frameworks/GLKit.framework; sourceTree = SDKROOT; };
		AC9D69291C21717600EE8080 /* QuartzCore.framework */ = {isa = PBXFileReference; lastKnownFileType = wrapper.framework; name = QuartzCore.framework; path = System/Library/Frameworks/QuartzCore.framework; sourceTree = SDKROOT; };
		AC9D692B1C21717C00EE8080 /* CoreVideo.framework */ = {isa = PBXFileReference; lastKnownFileType = wrapper.framework; name = CoreVideo.framework; path = System/Library/Frameworks/CoreVideo.framework; sourceTree = SDKROOT; };
		AC9D692D1C21718100EE8080 /* OpenGLES.framework */ = {isa = PBXFileReference; lastKnownFileType = wrapper.framework; name = OpenGLES.framework; path = System/Library/Frameworks/OpenGLES.framework; sourceTree = SDKROOT; };
		AC9D692F1C21718800EE8080 /* CoreMedia.framework */ = {isa = PBXFileReference; lastKnownFileType = wrapper.framework; name = CoreMedia.framework; path = System/Library/Frameworks/CoreMedia.framework; sourceTree = SDKROOT; };
		AC9D69311C21718E00EE8080 /* AudioToolbox.framework */ = {isa = PBXFileReference; lastKnownFileType = wrapper.framework; name = AudioToolbox.framework; path = System/Library/Frameworks/AudioToolbox.framework; sourceTree = SDKROOT; };
		AC9D69331C21719400EE8080 /* AVFoundation.framework */ = {isa = PBXFileReference; lastKnownFileType = wrapper.framework; name = AVFoundation.framework; path = System/Library/Frameworks/AVFoundation.framework; sourceTree = SDKROOT; };
		AC9D69351C21719B00EE8080 /* CoreGraphics.framework */ = {isa = PBXFileReference; lastKnownFileType = wrapper.framework; name = CoreGraphics.framework; path = System/Library/Frameworks/CoreGraphics.framework; sourceTree = SDKROOT; };
		AC9D69371C2171A100EE8080 /* UIKit.framework */ = {isa = PBXFileReference; lastKnownFileType = wrapper.framework; name = UIKit.framework; path = System/Library/Frameworks/UIKit.framework; sourceTree = SDKROOT; };
		AC9D69391C2171A700EE8080 /* Foundation.framework */ = {isa = PBXFileReference; lastKnownFileType = wrapper.framework; name = Foundation.framework; path = System/Library/Frameworks/Foundation.framework; sourceTree = SDKROOT; };
		AC9D693B1C2171AF00EE8080 /* libc++.tbd */ = {isa = PBXFileReference; lastKnownFileType = "sourcecode.text-based-dylib-definition"; name = "libc++.tbd"; path = "usr/lib/libc++.tbd"; sourceTree = SDKROOT; };
		AC9D693D1C2171B700EE8080 /* libsqlite3.tbd */ = {isa = PBXFileReference; lastKnownFileType = "sourcecode.text-based-dylib-definition"; name = libsqlite3.tbd; path = usr/lib/libsqlite3.tbd; sourceTree = SDKROOT; };
		AC9D69441C2173ED00EE8080 /* TBExampleSubscriber.h */ = {isa = PBXFileReference; fileEncoding = 4; lastKnownFileType = sourcecode.c.h; path = TBExampleSubscriber.h; sourceTree = "<group>"; };
		AC9D69451C2173ED00EE8080 /* TBExampleSubscriber.m */ = {isa = PBXFileReference; fileEncoding = 4; lastKnownFileType = sourcecode.c.objc; path = TBExampleSubscriber.m; sourceTree = "<group>"; };
		AC9D69461C2173ED00EE8080 /* TBExampleVideoCapture.h */ = {isa = PBXFileReference; fileEncoding = 4; lastKnownFileType = sourcecode.c.h; path = TBExampleVideoCapture.h; sourceTree = "<group>"; };
		AC9D69471C2173ED00EE8080 /* TBExampleVideoCapture.m */ = {isa = PBXFileReference; fileEncoding = 4; lastKnownFileType = sourcecode.c.objc; path = TBExampleVideoCapture.m; sourceTree = "<group>"; };
		AC9D69481C2173ED00EE8080 /* TBExampleVideoRender.h */ = {isa = PBXFileReference; fileEncoding = 4; lastKnownFileType = sourcecode.c.h; path = TBExampleVideoRender.h; sourceTree = "<group>"; };
		AC9D69491C2173ED00EE8080 /* TBExampleVideoRender.m */ = {isa = PBXFileReference; fileEncoding = 4; lastKnownFileType = sourcecode.c.objc; path = TBExampleVideoRender.m; sourceTree = "<group>"; };
		AC9D694F1C21742C00EE8080 /* Logger.swift */ = {isa = PBXFileReference; fileEncoding = 4; lastKnownFileType = sourcecode.swift; path = Logger.swift; sourceTree = "<group>"; };
		AC9D69591C226EA600EE8080 /* GPUImageColorSpaceConvertFilter.h */ = {isa = PBXFileReference; fileEncoding = 4; lastKnownFileType = sourcecode.c.h; path = GPUImageColorSpaceConvertFilter.h; sourceTree = "<group>"; };
		AC9D695A1C226EA600EE8080 /* GPUImageColorSpaceConvertFilter.m */ = {isa = PBXFileReference; fileEncoding = 4; lastKnownFileType = sourcecode.c.objc; path = GPUImageColorSpaceConvertFilter.m; sourceTree = "<group>"; };
		AC9D69941C23A2EA00EE8080 /* VideoGenerator.h */ = {isa = PBXFileReference; fileEncoding = 4; lastKnownFileType = sourcecode.c.h; path = VideoGenerator.h; sourceTree = "<group>"; };
		AC9D69951C23A2EA00EE8080 /* VideoGenerator.m */ = {isa = PBXFileReference; fileEncoding = 4; lastKnownFileType = sourcecode.c.objc; path = VideoGenerator.m; sourceTree = "<group>"; };
		AC9D69971C23BA2C00EE8080 /* GPUImageCustomRawDataOutput.h */ = {isa = PBXFileReference; fileEncoding = 4; lastKnownFileType = sourcecode.c.h; path = GPUImageCustomRawDataOutput.h; sourceTree = "<group>"; };
		AC9D69981C23BA2C00EE8080 /* GPUImageCustomRawDataOutput.m */ = {isa = PBXFileReference; fileEncoding = 4; lastKnownFileType = sourcecode.c.objc; path = GPUImageCustomRawDataOutput.m; sourceTree = "<group>"; };
		AC9D699B1C23D6A800EE8080 /* TBExamplePublisher.h */ = {isa = PBXFileReference; fileEncoding = 4; lastKnownFileType = sourcecode.c.h; path = TBExamplePublisher.h; sourceTree = "<group>"; };
		AC9D699C1C23D6A800EE8080 /* TBExamplePublisher.m */ = {isa = PBXFileReference; fileEncoding = 4; lastKnownFileType = sourcecode.c.objc; path = TBExamplePublisher.m; sourceTree = "<group>"; };
		C1D2ACACBA59D702702846C0 /* Pods.debug.xcconfig */ = {isa = PBXFileReference; includeInIndex = 1; lastKnownFileType = text.xcconfig; name = Pods.debug.xcconfig; path = "Pods/Target Support Files/Pods/Pods.debug.xcconfig"; sourceTree = "<group>"; };
		F9CDD033B8BBF63A6FA1B0CE /* Pods.release.xcconfig */ = {isa = PBXFileReference; includeInIndex = 1; lastKnownFileType = text.xcconfig; name = Pods.release.xcconfig; path = "Pods/Target Support Files/Pods/Pods.release.xcconfig"; sourceTree = "<group>"; };
/* End PBXFileReference section */

/* Begin PBXFrameworksBuildPhase section */
		AC9D67021C216E9B00EE8080 /* Frameworks */ = {
			isa = PBXFrameworksBuildPhase;
			buildActionMask = 2147483647;
			files = (
				AC9D693E1C2171B700EE8080 /* libsqlite3.tbd in Frameworks */,
				AC9D693C1C2171AF00EE8080 /* libc++.tbd in Frameworks */,
				AC9D693A1C2171A700EE8080 /* Foundation.framework in Frameworks */,
				AC9D69381C2171A100EE8080 /* UIKit.framework in Frameworks */,
				AC9D69361C21719B00EE8080 /* CoreGraphics.framework in Frameworks */,
				AC9D69341C21719400EE8080 /* AVFoundation.framework in Frameworks */,
				AC9D69321C21718E00EE8080 /* AudioToolbox.framework in Frameworks */,
				AC9D69301C21718800EE8080 /* CoreMedia.framework in Frameworks */,
				AC9D692E1C21718100EE8080 /* OpenGLES.framework in Frameworks */,
				AC9D692C1C21717C00EE8080 /* CoreVideo.framework in Frameworks */,
				AC9D692A1C21717600EE8080 /* QuartzCore.framework in Frameworks */,
				AC9D69281C21717000EE8080 /* GLKit.framework in Frameworks */,
				AC9D69261C21716B00EE8080 /* SystemConfiguration.framework in Frameworks */,
				AC9D69241C21716000EE8080 /* VideoToolbox.framework in Frameworks */,
				78477557520D86D5A05A4FD2 /* libPods.a in Frameworks */,
			);
			runOnlyForDeploymentPostprocessing = 0;
		};
/* End PBXFrameworksBuildPhase section */

/* Begin PBXGroup section */
		6A4B0CD553A7FB27D9AC4610 /* Frameworks */ = {
			isa = PBXGroup;
			children = (
				AC9D693D1C2171B700EE8080 /* libsqlite3.tbd */,
				AC9D693B1C2171AF00EE8080 /* libc++.tbd */,
				AC9D69391C2171A700EE8080 /* Foundation.framework */,
				AC9D69371C2171A100EE8080 /* UIKit.framework */,
				AC9D69351C21719B00EE8080 /* CoreGraphics.framework */,
				AC9D69331C21719400EE8080 /* AVFoundation.framework */,
				AC9D69311C21718E00EE8080 /* AudioToolbox.framework */,
				AC9D692F1C21718800EE8080 /* CoreMedia.framework */,
				AC9D692D1C21718100EE8080 /* OpenGLES.framework */,
				AC9D692B1C21717C00EE8080 /* CoreVideo.framework */,
				AC9D69291C21717600EE8080 /* QuartzCore.framework */,
				AC9D69271C21717000EE8080 /* GLKit.framework */,
				AC9D69251C21716B00EE8080 /* SystemConfiguration.framework */,
				AC9D69231C21716000EE8080 /* VideoToolbox.framework */,
				71B45EC407EEB53A7B666665 /* libPods.a */,
			);
			name = Frameworks;
			sourceTree = "<group>";
		};
		9B59B55CFBD33604A6BC3C2A /* Pods */ = {
			isa = PBXGroup;
			children = (
				C1D2ACACBA59D702702846C0 /* Pods.debug.xcconfig */,
				F9CDD033B8BBF63A6FA1B0CE /* Pods.release.xcconfig */,
			);
			name = Pods;
			sourceTree = "<group>";
		};
		AC9D66FC1C216E9B00EE8080 = {
			isa = PBXGroup;
			children = (
				AC9D67071C216E9B00EE8080 /* gpuimagetokbox */,
				AC9D67061C216E9B00EE8080 /* Products */,
				9B59B55CFBD33604A6BC3C2A /* Pods */,
				6A4B0CD553A7FB27D9AC4610 /* Frameworks */,
			);
			sourceTree = "<group>";
		};
		AC9D67061C216E9B00EE8080 /* Products */ = {
			isa = PBXGroup;
			children = (
				AC9D67051C216E9B00EE8080 /* gpuimagetokbox.app */,
			);
			name = Products;
			sourceTree = "<group>";
		};
		AC9D67071C216E9B00EE8080 /* gpuimagetokbox */ = {
			isa = PBXGroup;
			children = (
				AC9D694E1C2173F800EE8080 /* TokBoxSample */,
				AC9D67081C216E9B00EE8080 /* AppDelegate.swift */,
				AC9D69941C23A2EA00EE8080 /* VideoGenerator.h */,
				AC9D69951C23A2EA00EE8080 /* VideoGenerator.m */,
				AC9D670A1C216E9B00EE8080 /* ViewController.swift */,
				AC9D69211C21712E00EE8080 /* ViewModel.swift */,
				AC9D69591C226EA600EE8080 /* GPUImageColorSpaceConvertFilter.h */,
				AC9D695A1C226EA600EE8080 /* GPUImageColorSpaceConvertFilter.m */,
				AC9D69971C23BA2C00EE8080 /* GPUImageCustomRawDataOutput.h */,
				AC9D69981C23BA2C00EE8080 /* GPUImageCustomRawDataOutput.m */,
				AC9D694F1C21742C00EE8080 /* Logger.swift */,
				AC9D671B1C216F7600EE8080 /* gpuimagetokbox-Bridging-Header.h */,
				AC9D670C1C216E9B00EE8080 /* Main.storyboard */,
				AC9D670F1C216E9B00EE8080 /* Assets.xcassets */,
				AC9D67111C216E9B00EE8080 /* LaunchScreen.storyboard */,
				AC9D67141C216E9B00EE8080 /* Info.plist */,
			);
			path = gpuimagetokbox;
			sourceTree = "<group>";
		};
		AC9D694E1C2173F800EE8080 /* TokBoxSample */ = {
			isa = PBXGroup;
			children = (
				AC9D69441C2173ED00EE8080 /* TBExampleSubscriber.h */,
				AC9D69451C2173ED00EE8080 /* TBExampleSubscriber.m */,
				AC9D69461C2173ED00EE8080 /* TBExampleVideoCapture.h */,
				AC9D69471C2173ED00EE8080 /* TBExampleVideoCapture.m */,
				AC9D69481C2173ED00EE8080 /* TBExampleVideoRender.h */,
				AC9D69491C2173ED00EE8080 /* TBExampleVideoRender.m */,
				AC9D699B1C23D6A800EE8080 /* TBExamplePublisher.h */,
				AC9D699C1C23D6A800EE8080 /* TBExamplePublisher.m */,
			);
			name = TokBoxSample;
			sourceTree = "<group>";
		};
/* End PBXGroup section */

/* Begin PBXNativeTarget section */
		AC9D67041C216E9B00EE8080 /* gpuimagetokbox */ = {
			isa = PBXNativeTarget;
			buildConfigurationList = AC9D67171C216E9B00EE8080 /* Build configuration list for PBXNativeTarget "gpuimagetokbox" */;
			buildPhases = (
				13AE978DCA20BDA6EA909FD3 /* Check Pods Manifest.lock */,
				AC9D67011C216E9B00EE8080 /* Sources */,
				AC9D67021C216E9B00EE8080 /* Frameworks */,
				AC9D67031C216E9B00EE8080 /* Resources */,
				7A6ED1FB1F0C23ADB943D3D3 /* Embed Pods Frameworks */,
				157294F08AD4A13C7799D847 /* Copy Pods Resources */,
			);
			buildRules = (
			);
			dependencies = (
			);
			name = gpuimagetokbox;
			productName = gpuimagetokbox;
			productReference = AC9D67051C216E9B00EE8080 /* gpuimagetokbox.app */;
			productType = "com.apple.product-type.application";
		};
/* End PBXNativeTarget section */

/* Begin PBXProject section */
		AC9D66FD1C216E9B00EE8080 /* Project object */ = {
			isa = PBXProject;
			attributes = {
				LastSwiftUpdateCheck = 0720;
				LastUpgradeCheck = 0720;
				ORGANIZATIONNAME = takecian;
				TargetAttributes = {
					AC9D67041C216E9B00EE8080 = {
						CreatedOnToolsVersion = 7.2;
					};
				};
			};
			buildConfigurationList = AC9D67001C216E9B00EE8080 /* Build configuration list for PBXProject "gpuimagetokbox" */;
			compatibilityVersion = "Xcode 3.2";
			developmentRegion = English;
			hasScannedForEncodings = 0;
			knownRegions = (
				en,
				Base,
			);
			mainGroup = AC9D66FC1C216E9B00EE8080;
			productRefGroup = AC9D67061C216E9B00EE8080 /* Products */;
			projectDirPath = "";
			projectRoot = "";
			targets = (
				AC9D67041C216E9B00EE8080 /* gpuimagetokbox */,
			);
		};
/* End PBXProject section */

/* Begin PBXResourcesBuildPhase section */
		AC9D67031C216E9B00EE8080 /* Resources */ = {
			isa = PBXResourcesBuildPhase;
			buildActionMask = 2147483647;
			files = (
				AC9D67131C216E9B00EE8080 /* LaunchScreen.storyboard in Resources */,
				AC9D67101C216E9B00EE8080 /* Assets.xcassets in Resources */,
				AC9D670E1C216E9B00EE8080 /* Main.storyboard in Resources */,
			);
			runOnlyForDeploymentPostprocessing = 0;
		};
/* End PBXResourcesBuildPhase section */

/* Begin PBXShellScriptBuildPhase section */
		13AE978DCA20BDA6EA909FD3 /* Check Pods Manifest.lock */ = {
			isa = PBXShellScriptBuildPhase;
			buildActionMask = 2147483647;
			files = (
			);
			inputPaths = (
			);
			name = "Check Pods Manifest.lock";
			outputPaths = (
			);
			runOnlyForDeploymentPostprocessing = 0;
			shellPath = /bin/sh;
			shellScript = "diff \"${PODS_ROOT}/../Podfile.lock\" \"${PODS_ROOT}/Manifest.lock\" > /dev/null\nif [[ $? != 0 ]] ; then\n    cat << EOM\nerror: The sandbox is not in sync with the Podfile.lock. Run 'pod install' or update your CocoaPods installation.\nEOM\n    exit 1\nfi\n";
			showEnvVarsInLog = 0;
		};
		157294F08AD4A13C7799D847 /* Copy Pods Resources */ = {
			isa = PBXShellScriptBuildPhase;
			buildActionMask = 2147483647;
			files = (
			);
			inputPaths = (
			);
			name = "Copy Pods Resources";
			outputPaths = (
			);
			runOnlyForDeploymentPostprocessing = 0;
			shellPath = /bin/sh;
			shellScript = "\"${SRCROOT}/Pods/Target Support Files/Pods/Pods-resources.sh\"\n";
			showEnvVarsInLog = 0;
		};
		7A6ED1FB1F0C23ADB943D3D3 /* Embed Pods Frameworks */ = {
			isa = PBXShellScriptBuildPhase;
			buildActionMask = 2147483647;
			files = (
			);
			inputPaths = (
			);
			name = "Embed Pods Frameworks";
			outputPaths = (
			);
			runOnlyForDeploymentPostprocessing = 0;
			shellPath = /bin/sh;
			shellScript = "\"${SRCROOT}/Pods/Target Support Files/Pods/Pods-frameworks.sh\"\n";
			showEnvVarsInLog = 0;
		};
/* End PBXShellScriptBuildPhase section */

/* Begin PBXSourcesBuildPhase section */
		AC9D67011C216E9B00EE8080 /* Sources */ = {
			isa = PBXSourcesBuildPhase;
			buildActionMask = 2147483647;
			files = (
				AC9D69221C21712E00EE8080 /* ViewModel.swift in Sources */,
				AC9D699D1C23D6A800EE8080 /* TBExamplePublisher.m in Sources */,
				AC9D695B1C226EA600EE8080 /* GPUImageColorSpaceConvertFilter.m in Sources */,
				AC9D69501C21742C00EE8080 /* Logger.swift in Sources */,
				AC9D670B1C216E9B00EE8080 /* ViewController.swift in Sources */,
				AC9D694B1C2173ED00EE8080 /* TBExampleSubscriber.m in Sources */,
				AC9D694D1C2173ED00EE8080 /* TBExampleVideoRender.m in Sources */,
				AC9D694C1C2173ED00EE8080 /* TBExampleVideoCapture.m in Sources */,
				AC9D69991C23BA2C00EE8080 /* GPUImageCustomRawDataOutput.m in Sources */,
				AC9D69961C23A2EA00EE8080 /* VideoGenerator.m in Sources */,
				AC9D67091C216E9B00EE8080 /* AppDelegate.swift in Sources */,
			);
			runOnlyForDeploymentPostprocessing = 0;
		};
/* End PBXSourcesBuildPhase section */

/* Begin PBXVariantGroup section */
		AC9D670C1C216E9B00EE8080 /* Main.storyboard */ = {
			isa = PBXVariantGroup;
			children = (
				AC9D670D1C216E9B00EE8080 /* Base */,
			);
			name = Main.storyboard;
			sourceTree = "<group>";
		};
		AC9D67111C216E9B00EE8080 /* LaunchScreen.storyboard */ = {
			isa = PBXVariantGroup;
			children = (
				AC9D67121C216E9B00EE8080 /* Base */,
			);
			name = LaunchScreen.storyboard;
			sourceTree = "<group>";
		};
/* End PBXVariantGroup section */

/* Begin XCBuildConfiguration section */
		AC9D67151C216E9B00EE8080 /* Debug */ = {
			isa = XCBuildConfiguration;
			buildSettings = {
				ALWAYS_SEARCH_USER_PATHS = NO;
				CLANG_CXX_LANGUAGE_STANDARD = "gnu++0x";
				CLANG_CXX_LIBRARY = "libc++";
				CLANG_ENABLE_MODULES = YES;
				CLANG_ENABLE_OBJC_ARC = YES;
				CLANG_WARN_BOOL_CONVERSION = YES;
				CLANG_WARN_CONSTANT_CONVERSION = YES;
				CLANG_WARN_DIRECT_OBJC_ISA_USAGE = YES_ERROR;
				CLANG_WARN_EMPTY_BODY = YES;
				CLANG_WARN_ENUM_CONVERSION = YES;
				CLANG_WARN_INT_CONVERSION = YES;
				CLANG_WARN_OBJC_ROOT_CLASS = YES_ERROR;
				CLANG_WARN_UNREACHABLE_CODE = YES;
				CLANG_WARN__DUPLICATE_METHOD_MATCH = YES;
				"CODE_SIGN_IDENTITY[sdk=iphoneos*]" = "iPhone Developer";
				COPY_PHASE_STRIP = NO;
				DEBUG_INFORMATION_FORMAT = dwarf;
				ENABLE_STRICT_OBJC_MSGSEND = YES;
				ENABLE_TESTABILITY = YES;
				GCC_C_LANGUAGE_STANDARD = gnu99;
				GCC_DYNAMIC_NO_PIC = NO;
				GCC_NO_COMMON_BLOCKS = YES;
				GCC_OPTIMIZATION_LEVEL = 0;
				GCC_PREPROCESSOR_DEFINITIONS = (
					"DEBUG=1",
					"$(inherited)",
				);
				GCC_WARN_64_TO_32_BIT_CONVERSION = YES;
				GCC_WARN_ABOUT_RETURN_TYPE = YES_ERROR;
				GCC_WARN_UNDECLARED_SELECTOR = YES;
				GCC_WARN_UNINITIALIZED_AUTOS = YES_AGGRESSIVE;
				GCC_WARN_UNUSED_FUNCTION = YES;
				GCC_WARN_UNUSED_VARIABLE = YES;
				IPHONEOS_DEPLOYMENT_TARGET = 8.0;
				MTL_ENABLE_DEBUG_INFO = YES;
				ONLY_ACTIVE_ARCH = YES;
				SDKROOT = iphoneos;
				SWIFT_OPTIMIZATION_LEVEL = "-Onone";
			};
			name = Debug;
		};
		AC9D67161C216E9B00EE8080 /* Release */ = {
			isa = XCBuildConfiguration;
			buildSettings = {
				ALWAYS_SEARCH_USER_PATHS = NO;
				CLANG_CXX_LANGUAGE_STANDARD = "gnu++0x";
				CLANG_CXX_LIBRARY = "libc++";
				CLANG_ENABLE_MODULES = YES;
				CLANG_ENABLE_OBJC_ARC = YES;
				CLANG_WARN_BOOL_CONVERSION = YES;
				CLANG_WARN_CONSTANT_CONVERSION = YES;
				CLANG_WARN_DIRECT_OBJC_ISA_USAGE = YES_ERROR;
				CLANG_WARN_EMPTY_BODY = YES;
				CLANG_WARN_ENUM_CONVERSION = YES;
				CLANG_WARN_INT_CONVERSION = YES;
				CLANG_WARN_OBJC_ROOT_CLASS = YES_ERROR;
				CLANG_WARN_UNREACHABLE_CODE = YES;
				CLANG_WARN__DUPLICATE_METHOD_MATCH = YES;
				"CODE_SIGN_IDENTITY[sdk=iphoneos*]" = "iPhone Developer";
				COPY_PHASE_STRIP = NO;
				DEBUG_INFORMATION_FORMAT = "dwarf-with-dsym";
				ENABLE_NS_ASSERTIONS = NO;
				ENABLE_STRICT_OBJC_MSGSEND = YES;
				GCC_C_LANGUAGE_STANDARD = gnu99;
				GCC_NO_COMMON_BLOCKS = YES;
				GCC_WARN_64_TO_32_BIT_CONVERSION = YES;
				GCC_WARN_ABOUT_RETURN_TYPE = YES_ERROR;
				GCC_WARN_UNDECLARED_SELECTOR = YES;
				GCC_WARN_UNINITIALIZED_AUTOS = YES_AGGRESSIVE;
				GCC_WARN_UNUSED_FUNCTION = YES;
				GCC_WARN_UNUSED_VARIABLE = YES;
				IPHONEOS_DEPLOYMENT_TARGET = 8.0;
				MTL_ENABLE_DEBUG_INFO = NO;
				SDKROOT = iphoneos;
				VALIDATE_PRODUCT = YES;
			};
			name = Release;
		};
		AC9D67181C216E9B00EE8080 /* Debug */ = {
			isa = XCBuildConfiguration;
			baseConfigurationReference = C1D2ACACBA59D702702846C0 /* Pods.debug.xcconfig */;
			buildSettings = {
				ASSETCATALOG_COMPILER_APPICON_NAME = AppIcon;
				CLANG_ENABLE_MODULES = YES;
				ENABLE_BITCODE = NO;
				INFOPLIST_FILE = gpuimagetokbox/Info.plist;
				LD_RUNPATH_SEARCH_PATHS = "$(inherited) @executable_path/Frameworks";
				PRODUCT_BUNDLE_IDENTIFIER = com.takecian.gpuimagetokbox;
				PRODUCT_NAME = "$(TARGET_NAME)";
				SWIFT_OBJC_BRIDGING_HEADER = "gpuimagetokbox/gpuimagetokbox-Bridging-Header.h";
				SWIFT_OPTIMIZATION_LEVEL = "-Onone";
			};
			name = Debug;
		};
		AC9D67191C216E9B00EE8080 /* Release */ = {
			isa = XCBuildConfiguration;
			baseConfigurationReference = F9CDD033B8BBF63A6FA1B0CE /* Pods.release.xcconfig */;
			buildSettings = {
				ASSETCATALOG_COMPILER_APPICON_NAME = AppIcon;
				CLANG_ENABLE_MODULES = YES;
				ENABLE_BITCODE = NO;
				INFOPLIST_FILE = gpuimagetokbox/Info.plist;
				LD_RUNPATH_SEARCH_PATHS = "$(inherited) @executable_path/Frameworks";
				PRODUCT_BUNDLE_IDENTIFIER = com.takecian.gpuimagetokbox;
				PRODUCT_NAME = "$(TARGET_NAME)";
				SWIFT_OBJC_BRIDGING_HEADER = "gpuimagetokbox/gpuimagetokbox-Bridging-Header.h";
			};
			name = Release;
		};
/* End XCBuildConfiguration section */

/* Begin XCConfigurationList section */
		AC9D67001C216E9B00EE8080 /* Build configuration list for PBXProject "gpuimagetokbox" */ = {
			isa = XCConfigurationList;
			buildConfigurations = (
				AC9D67151C216E9B00EE8080 /* Debug */,
				AC9D67161C216E9B00EE8080 /* Release */,
			);
			defaultConfigurationIsVisible = 0;
			defaultConfigurationName = Release;
		};
		AC9D67171C216E9B00EE8080 /* Build configuration list for PBXNativeTarget "gpuimagetokbox" */ = {
			isa = XCConfigurationList;
			buildConfigurations = (
				AC9D67181C216E9B00EE8080 /* Debug */,
				AC9D67191C216E9B00EE8080 /* Release */,
			);
			defaultConfigurationIsVisible = 0;
			defaultConfigurationName = Release;
		};
/* End XCConfigurationList section */
	};
	rootObject = AC9D66FD1C216E9B00EE8080 /* Project object */;
}
